<?xml version="1.0" encoding="utf-8"?>
<Project ToolsVersion="4.0" xmlns="http://schemas.microsoft.com/developer/msbuild/2003">
  <ItemGroup>
    <Filter Include="Source Files">
      <UniqueIdentifier>{4FC737F1-C7A5-4376-A066-2A32D752A2FF}</UniqueIdentifier>
      <Extensions>cpp;c;cc;cxx;c++;cppm;ixx;def;odl;idl;hpj;bat;asm;asmx</Extensions>
    </Filter>
    <Filter Include="Header Files">
      <UniqueIdentifier>{93995380-89BD-4b04-88EB-625FBE52EBFB}</UniqueIdentifier>
      <Extensions>h;hh;hpp;hxx;h++;hm;inl;inc;ipp;xsd</Extensions>
    </Filter>
    <Filter Include="Resource Files">
      <UniqueIdentifier>{67DA6AB6-F800-4c08-8B7A-83BB121AAD01}</UniqueIdentifier>
      <Extensions>rc;ico;cur;bmp;dlg;rc2;rct;bin;rgs;gif;jpg;jpeg;jpe;resx;tiff;tif;png;wav;mfcribbon-ms</Extensions>
    </Filter>
    <Filter Include="planeStuff">
      <UniqueIdentifier>{c8938a00-20a2-4553-b44a-af3ac8c74e4e}</UniqueIdentifier>
    </Filter>
    <Filter Include="Camera">
      <UniqueIdentifier>{fb380ca5-b260-4da8-aba6-90a642d82d26}</UniqueIdentifier>
    </Filter>
    <Filter Include="utilitiez">
      <UniqueIdentifier>{6ca8d284-1e57-4950-9a38-ca4f64f0760f}</UniqueIdentifier>
    </Filter>
    <Filter Include="Rendering">
      <UniqueIdentifier>{9427f2b5-c035-49fa-a87a-6fdafac1330e}</UniqueIdentifier>
    </Filter>
    <Filter Include="Serialize">
      <UniqueIdentifier>{c43e9a2e-bc9d-49ac-bec0-8544cbde1371}</UniqueIdentifier>
    </Filter>
  </ItemGroup>
  <ItemGroup>
    <ClInclude Include="Entity.h">
      <Filter>Header Files</Filter>
    </ClInclude>
    <ClInclude Include="State.h">
      <Filter>Header Files</Filter>
    </ClInclude>
    <ClInclude Include="point.h">
      <Filter>planeStuff</Filter>
    </ClInclude>
    <ClInclude Include="Rectangle.h">
      <Filter>planeStuff</Filter>
    </ClInclude>
    <ClInclude Include="Transform.h">
      <Filter>planeStuff</Filter>
    </ClInclude>
    <ClInclude Include="Collision.h">
      <Filter>planeStuff</Filter>
    </ClInclude>
    <ClInclude Include="Camera.h">
      <Filter>Camera</Filter>
    </ClInclude>
    <ClInclude Include="Stopwatch.h">
      <Filter>utilitiez</Filter>
    </ClInclude>
    <ClInclude Include="NumberGenerator.h">
      <Filter>utilitiez</Filter>
    </ClInclude>
    <ClInclude Include="Window.h">
      <Filter>Rendering</Filter>
    </ClInclude>
    <ClInclude Include="BMPHeader.h">
      <Filter>Rendering</Filter>
    </ClInclude>
    <ClInclude Include="Sprite.h">
      <Filter>Rendering</Filter>
    </ClInclude>
    <ClInclude Include="HashKeys.h">
      <Filter>utilitiez</Filter>
    </ClInclude>
    <ClInclude Include="Components.h">
      <Filter>Serialize</Filter>
    </ClInclude>
    <ClInclude Include="Serialization.h">
      <Filter>Serialize</Filter>
    </ClInclude>
  </ItemGroup>
  <ItemGroup>
    <ClCompile Include="main.cpp">
      <Filter>Source Files</Filter>
    </ClCompile>
    <ClCompile Include="Entity.cpp">
      <Filter>Source Files</Filter>
    </ClCompile>
    <ClCompile Include="Rectangle.cpp">
      <Filter>planeStuff</Filter>
    </ClCompile>
    <ClCompile Include="Transform.cpp">
      <Filter>planeStuff</Filter>
    </ClCompile>
    <ClCompile Include="Stopwatch.cpp">
      <Filter>utilitiez</Filter>
    </ClCompile>
    <ClCompile Include="NumberGenerator.cpp">
      <Filter>utilitiez</Filter>
    </ClCompile>
    <ClCompile Include="Window.cpp">
      <Filter>Rendering</Filter>
    </ClCompile>
    <ClCompile Include="Sprite.cpp">
      <Filter>Rendering</Filter>
    </ClCompile>
    <ClCompile Include="Serialization.cpp">
      <Filter>Serialize</Filter>
    </ClCompile>
  </ItemGroup>
  <ItemGroup>
    <Text Include="entity_config.json">
      <Filter>Resource Files</Filter>
    </Text>
    <Text Include="stage_config.json">
      <Filter>Resource Files</Filter>
    </Text>
    <Text Include="window_config.json">
      <Filter>Resource Files</Filter>
    </Text>
  </ItemGroup>
</Project>